# This file is automatically @generated by Cargo.
# It is not intended for manual editing.
version = 4

[[package]]
name = "better_cursor"
version = "0.1.0"
dependencies = [
 "better_cursor_core",
 "better_cursor_derive",
]

[[package]]
name = "better_cursor_core"
version = "0.1.0"
dependencies = [
 "encoding_rs",
]

[[package]]
name = "better_cursor_derive"
version = "0.1.0"
dependencies = [
 "better_cursor_core",
 "proc-macro2",
 "quote",
 "syn",
]

[[package]]
name = "cfg-if"
version = "1.0.0"
source = "registry+https://github.com/rust-lang/crates.io-index"
checksum = "baf1de4339761588bc0619e3cbc0120ee582ebb74b53b4efbf79117bd2da40fd"

[[package]]
name = "encoding_rs"
version = "0.8.35"
source = "registry+https://github.com/rust-lang/crates.io-index"
checksum = "75030f3c4f45dafd7586dd6780965a8c7e8e285a5ecb86713e63a79c5b2766f3"
dependencies = [
 "cfg-if",
]

[[package]]
name = "proc-macro2"
version = "1.0.93"
source = "registry+https://github.com/rust-lang/crates.io-index"
checksum = "60946a68e5f9d28b0dc1c21bb8a97ee7d018a8b322fa57838ba31cc878e22d99"
dependencies = [
 "unicode-ident",
]

[[package]]
name = "quote"
version = "1.0.38"
source = "registry+https://github.com/rust-lang/crates.io-index"
checksum = "0e4dccaaaf89514f546c693ddc140f729f958c247918a13380cccc6078391acc"
dependencies = [
 "proc-macro2",
]

[[package]]
name = "syn"
version = "2.0.96"
source = "registry+https://github.com/rust-lang/crates.io-index"
checksum = "d5d0adab1ae378d7f53bdebc67a39f1f151407ef230f0ce2883572f5d8985c80"
dependencies = [
 "proc-macro2",
 "quote",
 "unicode-ident",
]

[[package]]
name = "unicode-ident"
version = "1.0.14"
source = "registry+https://github.com/rust-lang/crates.io-index"
checksum = "adb9e6ca4f869e1180728b7950e35922a7fc6397f7b641499e8f3ef06e50dc83"
